
Microsoft Visual Studio Solution File, Format Version 12.00
# Visual Studio Version 17
VisualStudioVersion = 17.5.33627.172
MinimumVisualStudioVersion = 10.0.40219.1
Project("{8BC9CEB8-8B4A-11D0-8D11-00A0C91BC942}") = "Week3", "Week3\Week3.vcxproj", "{7B8A95FD-6B7A-4E8C-9DDC-297C38CF963B}"
EndProject
Project("{8BC9CEB8-8B4A-11D0-8D11-00A0C91BC942}") = "Week2", "Week2\Week2.vcxproj", "{65ABD68F-1D55-4A18-BF10-1DEABCC31456}"
EndProject
Project("{8BC9CEB8-8B4A-11D0-8D11-00A0C91BC942}") = "Week4", "Week4\Week4.vcxproj", "{DA980397-4920-4C56-8FF4-5D02A8803CAD}"
EndProject
Project("{8BC9CEB8-8B4A-11D0-8D11-00A0C91BC942}") = "Week5", "Week5\Week5.vcxproj", "{EF238D28-D44F-4708-9891-A90DB0EB2278}"
EndProject
Project("{8BC9CEB8-8B4A-11D0-8D11-00A0C91BC942}") = "Week6", "Week6\Week6.vcxproj", "{639575D2-10A5-4329-83AD-1A23A5782949}"
EndProject
Project("{8BC9CEB8-8B4A-11D0-8D11-00A0C91BC942}") = "MidtermTest", "MidtermTest\MidtermTest.vcxproj", "{D64F7385-D6BD-4E0B-B0D9-9E0E355FCEEC}"
EndProject
Project("{8BC9CEB8-8B4A-11D0-8D11-00A0C91BC942}") = "MockTest", "MockTest\MockTest.vcxproj", "{32766EA5-5E02-4306-83ED-AA79A0B83D05}"
EndProject
Project("{8BC9CEB8-8B4A-11D0-8D11-00A0C91BC942}") = "Week7", "Week7\Week7.vcxproj", "{0EAFF586-4521-4A79-8F2E-2B82D4569F33}"
EndProject
Project("{8BC9CEB8-8B4A-11D0-8D11-00A0C91BC942}") = "Week8", "Week8\Week8.vcxproj", "{2F7667FC-1668-4804-9FD2-C97B199CF7C2}"
EndProject
Project("{8BC9CEB8-8B4A-11D0-8D11-00A0C91BC942}") = "Week9", "Week9\Week9.vcxproj", "{2E4EE0E2-402D-485C-8B17-E9DD7D66DAFE}"
EndProject
Project("{8BC9CEB8-8B4A-11D0-8D11-00A0C91BC942}") = "Week1", "Week1\Week1.vcxproj", "{BD7595D8-33BA-40DA-A3AD-A507B405391F}"
EndProject
Project("{8BC9CEB8-8B4A-11D0-8D11-00A0C91BC942}") = "Week11", "Week11\Week11.vcxproj", "{05952043-8B6F-4AA5-9648-40C52DA6D267}"
EndProject
Project("{2150E333-8FDC-42A3-9474-1A3956D46DE8}") = "솔루션 항목", "솔루션 항목", "{B1DE56AA-D5DD-4FB4-AE17-86DA2C4417CF}"
	ProjectSection(SolutionItems) = preProject
		.editorconfig = .editorconfig
	EndProjectSection
EndProject
Project("{8BC9CEB8-8B4A-11D0-8D11-00A0C91BC942}") = "Week10", "Week10\Week10.vcxproj", "{680297D7-E768-4326-9713-DE4D371E7E51}"
EndProject
Global
	GlobalSection(SolutionConfigurationPlatforms) = preSolution
		Debug|x64 = Debug|x64
		Debug|x86 = Debug|x86
		Release|x64 = Release|x64
		Release|x86 = Release|x86
	EndGlobalSection
	GlobalSection(ProjectConfigurationPlatforms) = postSolution
		{7B8A95FD-6B7A-4E8C-9DDC-297C38CF963B}.Debug|x64.ActiveCfg = Debug|x64
		{7B8A95FD-6B7A-4E8C-9DDC-297C38CF963B}.Debug|x64.Build.0 = Debug|x64
		{7B8A95FD-6B7A-4E8C-9DDC-297C38CF963B}.Debug|x86.ActiveCfg = Debug|Win32
		{7B8A95FD-6B7A-4E8C-9DDC-297C38CF963B}.Debug|x86.Build.0 = Debug|Win32
		{7B8A95FD-6B7A-4E8C-9DDC-297C38CF963B}.Release|x64.ActiveCfg = Release|x64
		{7B8A95FD-6B7A-4E8C-9DDC-297C38CF963B}.Release|x64.Build.0 = Release|x64
		{7B8A95FD-6B7A-4E8C-9DDC-297C38CF963B}.Release|x86.ActiveCfg = Release|Win32
		{7B8A95FD-6B7A-4E8C-9DDC-297C38CF963B}.Release|x86.Build.0 = Release|Win32
		{65ABD68F-1D55-4A18-BF10-1DEABCC31456}.Debug|x64.ActiveCfg = Debug|x64
		{65ABD68F-1D55-4A18-BF10-1DEABCC31456}.Debug|x64.Build.0 = Debug|x64
		{65ABD68F-1D55-4A18-BF10-1DEABCC31456}.Debug|x86.ActiveCfg = Debug|Win32
		{65ABD68F-1D55-4A18-BF10-1DEABCC31456}.Debug|x86.Build.0 = Debug|Win32
		{65ABD68F-1D55-4A18-BF10-1DEABCC31456}.Release|x64.ActiveCfg = Release|x64
		{65ABD68F-1D55-4A18-BF10-1DEABCC31456}.Release|x64.Build.0 = Release|x64
		{65ABD68F-1D55-4A18-BF10-1DEABCC31456}.Release|x86.ActiveCfg = Release|Win32
		{65ABD68F-1D55-4A18-BF10-1DEABCC31456}.Release|x86.Build.0 = Release|Win32
		{DA980397-4920-4C56-8FF4-5D02A8803CAD}.Debug|x64.ActiveCfg = Debug|x64
		{DA980397-4920-4C56-8FF4-5D02A8803CAD}.Debug|x64.Build.0 = Debug|x64
		{DA980397-4920-4C56-8FF4-5D02A8803CAD}.Debug|x86.ActiveCfg = Debug|Win32
		{DA980397-4920-4C56-8FF4-5D02A8803CAD}.Debug|x86.Build.0 = Debug|Win32
		{DA980397-4920-4C56-8FF4-5D02A8803CAD}.Release|x64.ActiveCfg = Release|x64
		{DA980397-4920-4C56-8FF4-5D02A8803CAD}.Release|x64.Build.0 = Release|x64
		{DA980397-4920-4C56-8FF4-5D02A8803CAD}.Release|x86.ActiveCfg = Release|Win32
		{DA980397-4920-4C56-8FF4-5D02A8803CAD}.Release|x86.Build.0 = Release|Win32
		{EF238D28-D44F-4708-9891-A90DB0EB2278}.Debug|x64.ActiveCfg = Debug|x64
		{EF238D28-D44F-4708-9891-A90DB0EB2278}.Debug|x64.Build.0 = Debug|x64
		{EF238D28-D44F-4708-9891-A90DB0EB2278}.Debug|x86.ActiveCfg = Debug|Win32
		{EF238D28-D44F-4708-9891-A90DB0EB2278}.Debug|x86.Build.0 = Debug|Win32
		{EF238D28-D44F-4708-9891-A90DB0EB2278}.Release|x64.ActiveCfg = Release|x64
		{EF238D28-D44F-4708-9891-A90DB0EB2278}.Release|x64.Build.0 = Release|x64
		{EF238D28-D44F-4708-9891-A90DB0EB2278}.Release|x86.ActiveCfg = Release|Win32
		{EF238D28-D44F-4708-9891-A90DB0EB2278}.Release|x86.Build.0 = Release|Win32
		{639575D2-10A5-4329-83AD-1A23A5782949}.Debug|x64.ActiveCfg = Debug|x64
		{639575D2-10A5-4329-83AD-1A23A5782949}.Debug|x64.Build.0 = Debug|x64
		{639575D2-10A5-4329-83AD-1A23A5782949}.Debug|x86.ActiveCfg = Debug|Win32
		{639575D2-10A5-4329-83AD-1A23A5782949}.Debug|x86.Build.0 = Debug|Win32
		{639575D2-10A5-4329-83AD-1A23A5782949}.Release|x64.ActiveCfg = Release|x64
		{639575D2-10A5-4329-83AD-1A23A5782949}.Release|x64.Build.0 = Release|x64
		{639575D2-10A5-4329-83AD-1A23A5782949}.Release|x86.ActiveCfg = Release|Win32
		{639575D2-10A5-4329-83AD-1A23A5782949}.Release|x86.Build.0 = Release|Win32
		{D64F7385-D6BD-4E0B-B0D9-9E0E355FCEEC}.Debug|x64.ActiveCfg = Debug|x64
		{D64F7385-D6BD-4E0B-B0D9-9E0E355FCEEC}.Debug|x64.Build.0 = Debug|x64
		{D64F7385-D6BD-4E0B-B0D9-9E0E355FCEEC}.Debug|x86.ActiveCfg = Debug|Win32
		{D64F7385-D6BD-4E0B-B0D9-9E0E355FCEEC}.Debug|x86.Build.0 = Debug|Win32
		{D64F7385-D6BD-4E0B-B0D9-9E0E355FCEEC}.Release|x64.ActiveCfg = Release|x64
		{D64F7385-D6BD-4E0B-B0D9-9E0E355FCEEC}.Release|x64.Build.0 = Release|x64
		{D64F7385-D6BD-4E0B-B0D9-9E0E355FCEEC}.Release|x86.ActiveCfg = Release|Win32
		{D64F7385-D6BD-4E0B-B0D9-9E0E355FCEEC}.Release|x86.Build.0 = Release|Win32
		{32766EA5-5E02-4306-83ED-AA79A0B83D05}.Debug|x64.ActiveCfg = Debug|x64
		{32766EA5-5E02-4306-83ED-AA79A0B83D05}.Debug|x64.Build.0 = Debug|x64
		{32766EA5-5E02-4306-83ED-AA79A0B83D05}.Debug|x86.ActiveCfg = Debug|Win32
		{32766EA5-5E02-4306-83ED-AA79A0B83D05}.Debug|x86.Build.0 = Debug|Win32
		{32766EA5-5E02-4306-83ED-AA79A0B83D05}.Release|x64.ActiveCfg = Release|x64
		{32766EA5-5E02-4306-83ED-AA79A0B83D05}.Release|x64.Build.0 = Release|x64
		{32766EA5-5E02-4306-83ED-AA79A0B83D05}.Release|x86.ActiveCfg = Release|Win32
		{32766EA5-5E02-4306-83ED-AA79A0B83D05}.Release|x86.Build.0 = Release|Win32
		{0EAFF586-4521-4A79-8F2E-2B82D4569F33}.Debug|x64.ActiveCfg = Debug|x64
		{0EAFF586-4521-4A79-8F2E-2B82D4569F33}.Debug|x64.Build.0 = Debug|x64
		{0EAFF586-4521-4A79-8F2E-2B82D4569F33}.Debug|x86.ActiveCfg = Debug|Win32
		{0EAFF586-4521-4A79-8F2E-2B82D4569F33}.Debug|x86.Build.0 = Debug|Win32
		{0EAFF586-4521-4A79-8F2E-2B82D4569F33}.Release|x64.ActiveCfg = Release|x64
		{0EAFF586-4521-4A79-8F2E-2B82D4569F33}.Release|x64.Build.0 = Release|x64
		{0EAFF586-4521-4A79-8F2E-2B82D4569F33}.Release|x86.ActiveCfg = Release|Win32
		{0EAFF586-4521-4A79-8F2E-2B82D4569F33}.Release|x86.Build.0 = Release|Win32
		{2F7667FC-1668-4804-9FD2-C97B199CF7C2}.Debug|x64.ActiveCfg = Debug|x64
		{2F7667FC-1668-4804-9FD2-C97B199CF7C2}.Debug|x64.Build.0 = Debug|x64
		{2F7667FC-1668-4804-9FD2-C97B199CF7C2}.Debug|x86.ActiveCfg = Debug|Win32
		{2F7667FC-1668-4804-9FD2-C97B199CF7C2}.Debug|x86.Build.0 = Debug|Win32
		{2F7667FC-1668-4804-9FD2-C97B199CF7C2}.Release|x64.ActiveCfg = Release|x64
		{2F7667FC-1668-4804-9FD2-C97B199CF7C2}.Release|x64.Build.0 = Release|x64
		{2F7667FC-1668-4804-9FD2-C97B199CF7C2}.Release|x86.ActiveCfg = Release|Win32
		{2F7667FC-1668-4804-9FD2-C97B199CF7C2}.Release|x86.Build.0 = Release|Win32
		{2E4EE0E2-402D-485C-8B17-E9DD7D66DAFE}.Debug|x64.ActiveCfg = Debug|x64
		{2E4EE0E2-402D-485C-8B17-E9DD7D66DAFE}.Debug|x64.Build.0 = Debug|x64
		{2E4EE0E2-402D-485C-8B17-E9DD7D66DAFE}.Debug|x86.ActiveCfg = Debug|Win32
		{2E4EE0E2-402D-485C-8B17-E9DD7D66DAFE}.Debug|x86.Build.0 = Debug|Win32
		{2E4EE0E2-402D-485C-8B17-E9DD7D66DAFE}.Release|x64.ActiveCfg = Release|x64
		{2E4EE0E2-402D-485C-8B17-E9DD7D66DAFE}.Release|x64.Build.0 = Release|x64
		{2E4EE0E2-402D-485C-8B17-E9DD7D66DAFE}.Release|x86.ActiveCfg = Release|Win32
		{2E4EE0E2-402D-485C-8B17-E9DD7D66DAFE}.Release|x86.Build.0 = Release|Win32
		{BD7595D8-33BA-40DA-A3AD-A507B405391F}.Debug|x64.ActiveCfg = Debug|x64
		{BD7595D8-33BA-40DA-A3AD-A507B405391F}.Debug|x64.Build.0 = Debug|x64
		{BD7595D8-33BA-40DA-A3AD-A507B405391F}.Debug|x86.ActiveCfg = Debug|Win32
		{BD7595D8-33BA-40DA-A3AD-A507B405391F}.Debug|x86.Build.0 = Debug|Win32
		{BD7595D8-33BA-40DA-A3AD-A507B405391F}.Release|x64.ActiveCfg = Release|x64
		{BD7595D8-33BA-40DA-A3AD-A507B405391F}.Release|x64.Build.0 = Release|x64
		{BD7595D8-33BA-40DA-A3AD-A507B405391F}.Release|x86.ActiveCfg = Release|Win32
		{BD7595D8-33BA-40DA-A3AD-A507B405391F}.Release|x86.Build.0 = Release|Win32
		{05952043-8B6F-4AA5-9648-40C52DA6D267}.Debug|x64.ActiveCfg = Debug|x64
		{05952043-8B6F-4AA5-9648-40C52DA6D267}.Debug|x64.Build.0 = Debug|x64
		{05952043-8B6F-4AA5-9648-40C52DA6D267}.Debug|x86.ActiveCfg = Debug|Win32
		{05952043-8B6F-4AA5-9648-40C52DA6D267}.Debug|x86.Build.0 = Debug|Win32
		{05952043-8B6F-4AA5-9648-40C52DA6D267}.Release|x64.ActiveCfg = Release|x64
		{05952043-8B6F-4AA5-9648-40C52DA6D267}.Release|x64.Build.0 = Release|x64
		{05952043-8B6F-4AA5-9648-40C52DA6D267}.Release|x86.ActiveCfg = Release|Win32
		{05952043-8B6F-4AA5-9648-40C52DA6D267}.Release|x86.Build.0 = Release|Win32
		{680297D7-E768-4326-9713-DE4D371E7E51}.Debug|x64.ActiveCfg = Debug|x64
		{680297D7-E768-4326-9713-DE4D371E7E51}.Debug|x64.Build.0 = Debug|x64
		{680297D7-E768-4326-9713-DE4D371E7E51}.Debug|x86.ActiveCfg = Debug|Win32
		{680297D7-E768-4326-9713-DE4D371E7E51}.Debug|x86.Build.0 = Debug|Win32
		{680297D7-E768-4326-9713-DE4D371E7E51}.Release|x64.ActiveCfg = Release|x64
		{680297D7-E768-4326-9713-DE4D371E7E51}.Release|x64.Build.0 = Release|x64
		{680297D7-E768-4326-9713-DE4D371E7E51}.Release|x86.ActiveCfg = Release|Win32
		{680297D7-E768-4326-9713-DE4D371E7E51}.Release|x86.Build.0 = Release|Win32
	EndGlobalSection
	GlobalSection(SolutionProperties) = preSolution
		HideSolutionNode = FALSE
	EndGlobalSection
	GlobalSection(ExtensibilityGlobals) = postSolution
		SolutionGuid = {1D35D1A3-417F-4381-98E7-35B347A461B1}
	EndGlobalSection
EndGlobal
